
Microsoft Visual Studio Solution File, Format Version 12.00
# Visual Studio Version 16
VisualStudioVersion = 16.0.29324.140
MinimumVisualStudioVersion = 10.0.40219.1
Project("{FAE04EC0-301F-11D3-BF4B-00C04F79EFBC}") = "ContactInfo", "ContactInfo\ContactInfo.csproj", "{CE067A73-2B3F-4771-94E8-A26C99F8CB92}"
EndProject
Project("{FAE04EC0-301F-11D3-BF4B-00C04F79EFBC}") = "ContactInfo.Tests", "ContactInfo.Tests\ContactInfo.Tests.csproj", "{6B05F469-1C1E-4DBD-807D-7F60026071D0}"
EndProject
Global
	GlobalSection(SolutionConfigurationPlatforms) = preSolution
		Debug|Any CPU = Debug|Any CPU
		Release|Any CPU = Release|Any CPU
	EndGlobalSection
	GlobalSection(ProjectConfigurationPlatforms) = postSolution
		{CE067A73-2B3F-4771-94E8-A26C99F8CB92}.Debug|Any CPU.ActiveCfg = Debug|Any CPU
		{CE067A73-2B3F-4771-94E8-A26C99F8CB92}.Debug|Any CPU.Build.0 = Debug|Any CPU
		{CE067A73-2B3F-4771-94E8-A26C99F8CB92}.Release|Any CPU.ActiveCfg = Release|Any CPU
		{CE067A73-2B3F-4771-94E8-A26C99F8CB92}.Release|Any CPU.Build.0 = Release|Any CPU
		{6B05F469-1C1E-4DBD-807D-7F60026071D0}.Debug|Any CPU.ActiveCfg = Debug|Any CPU
		{6B05F469-1C1E-4DBD-807D-7F60026071D0}.Debug|Any CPU.Build.0 = Debug|Any CPU
		{6B05F469-1C1E-4DBD-807D-7F60026071D0}.Release|Any CPU.ActiveCfg = Release|Any CPU
		{6B05F469-1C1E-4DBD-807D-7F60026071D0}.Release|Any CPU.Build.0 = Release|Any CPU
	EndGlobalSection
	GlobalSection(SolutionProperties) = preSolution
		HideSolutionNode = FALSE
	EndGlobalSection
	GlobalSection(ExtensibilityGlobals) = postSolution
		SolutionGuid = {934C5AB8-5750-4C5D-ADB6-6BD2A32EC07A}
	EndGlobalSection
EndGlobal
